
Microsoft Visual Studio Solution File, Format Version 12.00
# Visual Studio Version 17
VisualStudioVersion = 17.3.32825.248
MinimumVisualStudioVersion = 10.0.40219.1
Project("{8BC9CEB8-8B4A-11D0-8D11-00A0C91BC942}") = "week 2", "week 2\week 2.vcxproj", "{0E65524C-B91E-4570-8638-EA064B22BAB7}"
EndProject
Project("{8BC9CEB8-8B4A-11D0-8D11-00A0C91BC942}") = "Week 4", "Week 4\Week 4.vcxproj", "{2062B547-5465-433C-B1F0-1C01B7DB0799}"
EndProject
Project("{8BC9CEB8-8B4A-11D0-8D11-00A0C91BC942}") = "week 5", "week 5\week 5.vcxproj", "{D1FD1C5C-61F1-44E3-A584-B785F389DFD6}"
EndProject
Project("{8BC9CEB8-8B4A-11D0-8D11-00A0C91BC942}") = "Week 6", "Week 6\Week 6.vcxproj", "{763D31E4-4B2E-4A4B-A1F5-DB835217D61A}"
EndProject
Project("{8BC9CEB8-8B4A-11D0-8D11-00A0C91BC942}") = "Week 7", "Week 7\Week 7.vcxproj", "{F39CB96F-E62F-4A80-88AC-C8D46D082B17}"
EndProject
Project("{8BC9CEB8-8B4A-11D0-8D11-00A0C91BC942}") = "Week 8", "Week 8\Week 8.vcxproj", "{C053093A-9FAB-4DC3-A455-F6642ADACE3D}"
EndProject
Global
	GlobalSection(SolutionConfigurationPlatforms) = preSolution
		Debug|x64 = Debug|x64
		Debug|x86 = Debug|x86
		Release|x64 = Release|x64
		Release|x86 = Release|x86
	EndGlobalSection
	GlobalSection(ProjectConfigurationPlatforms) = postSolution
		{0E65524C-B91E-4570-8638-EA064B22BAB7}.Debug|x64.ActiveCfg = Debug|x64
		{0E65524C-B91E-4570-8638-EA064B22BAB7}.Debug|x64.Build.0 = Debug|x64
		{0E65524C-B91E-4570-8638-EA064B22BAB7}.Debug|x86.ActiveCfg = Debug|Win32
		{0E65524C-B91E-4570-8638-EA064B22BAB7}.Debug|x86.Build.0 = Debug|Win32
		{0E65524C-B91E-4570-8638-EA064B22BAB7}.Release|x64.ActiveCfg = Release|x64
		{0E65524C-B91E-4570-8638-EA064B22BAB7}.Release|x64.Build.0 = Release|x64
		{0E65524C-B91E-4570-8638-EA064B22BAB7}.Release|x86.ActiveCfg = Release|Win32
		{0E65524C-B91E-4570-8638-EA064B22BAB7}.Release|x86.Build.0 = Release|Win32
		{2062B547-5465-433C-B1F0-1C01B7DB0799}.Debug|x64.ActiveCfg = Debug|x64
		{2062B547-5465-433C-B1F0-1C01B7DB0799}.Debug|x64.Build.0 = Debug|x64
		{2062B547-5465-433C-B1F0-1C01B7DB0799}.Debug|x86.ActiveCfg = Debug|Win32
		{2062B547-5465-433C-B1F0-1C01B7DB0799}.Debug|x86.Build.0 = Debug|Win32
		{2062B547-5465-433C-B1F0-1C01B7DB0799}.Release|x64.ActiveCfg = Release|x64
		{2062B547-5465-433C-B1F0-1C01B7DB0799}.Release|x64.Build.0 = Release|x64
		{2062B547-5465-433C-B1F0-1C01B7DB0799}.Release|x86.ActiveCfg = Release|Win32
		{2062B547-5465-433C-B1F0-1C01B7DB0799}.Release|x86.Build.0 = Release|Win32
		{D1FD1C5C-61F1-44E3-A584-B785F389DFD6}.Debug|x64.ActiveCfg = Debug|x64
		{D1FD1C5C-61F1-44E3-A584-B785F389DFD6}.Debug|x64.Build.0 = Debug|x64
		{D1FD1C5C-61F1-44E3-A584-B785F389DFD6}.Debug|x86.ActiveCfg = Debug|Win32
		{D1FD1C5C-61F1-44E3-A584-B785F389DFD6}.Debug|x86.Build.0 = Debug|Win32
		{D1FD1C5C-61F1-44E3-A584-B785F389DFD6}.Release|x64.ActiveCfg = Release|x64
		{D1FD1C5C-61F1-44E3-A584-B785F389DFD6}.Release|x64.Build.0 = Release|x64
		{D1FD1C5C-61F1-44E3-A584-B785F389DFD6}.Release|x86.ActiveCfg = Release|Win32
		{D1FD1C5C-61F1-44E3-A584-B785F389DFD6}.Release|x86.Build.0 = Release|Win32
		{763D31E4-4B2E-4A4B-A1F5-DB835217D61A}.Debug|x64.ActiveCfg = Debug|x64
		{763D31E4-4B2E-4A4B-A1F5-DB835217D61A}.Debug|x64.Build.0 = Debug|x64
		{763D31E4-4B2E-4A4B-A1F5-DB835217D61A}.Debug|x86.ActiveCfg = Debug|Win32
		{763D31E4-4B2E-4A4B-A1F5-DB835217D61A}.Debug|x86.Build.0 = Debug|Win32
		{763D31E4-4B2E-4A4B-A1F5-DB835217D61A}.Release|x64.ActiveCfg = Release|x64
		{763D31E4-4B2E-4A4B-A1F5-DB835217D61A}.Release|x64.Build.0 = Release|x64
		{763D31E4-4B2E-4A4B-A1F5-DB835217D61A}.Release|x86.ActiveCfg = Release|Win32
		{763D31E4-4B2E-4A4B-A1F5-DB835217D61A}.Release|x86.Build.0 = Release|Win32
		{F39CB96F-E62F-4A80-88AC-C8D46D082B17}.Debug|x64.ActiveCfg = Debug|x64
		{F39CB96F-E62F-4A80-88AC-C8D46D082B17}.Debug|x64.Build.0 = Debug|x64
		{F39CB96F-E62F-4A80-88AC-C8D46D082B17}.Debug|x86.ActiveCfg = Debug|Win32
		{F39CB96F-E62F-4A80-88AC-C8D46D082B17}.Debug|x86.Build.0 = Debug|Win32
		{F39CB96F-E62F-4A80-88AC-C8D46D082B17}.Release|x64.ActiveCfg = Release|x64
		{F39CB96F-E62F-4A80-88AC-C8D46D082B17}.Release|x64.Build.0 = Release|x64
		{F39CB96F-E62F-4A80-88AC-C8D46D082B17}.Release|x86.ActiveCfg = Release|Win32
		{F39CB96F-E62F-4A80-88AC-C8D46D082B17}.Release|x86.Build.0 = Release|Win32
		{C053093A-9FAB-4DC3-A455-F6642ADACE3D}.Debug|x64.ActiveCfg = Debug|x64
		{C053093A-9FAB-4DC3-A455-F6642ADACE3D}.Debug|x64.Build.0 = Debug|x64
		{C053093A-9FAB-4DC3-A455-F6642ADACE3D}.Debug|x86.ActiveCfg = Debug|Win32
		{C053093A-9FAB-4DC3-A455-F6642ADACE3D}.Debug|x86.Build.0 = Debug|Win32
		{C053093A-9FAB-4DC3-A455-F6642ADACE3D}.Release|x64.ActiveCfg = Release|x64
		{C053093A-9FAB-4DC3-A455-F6642ADACE3D}.Release|x64.Build.0 = Release|x64
		{C053093A-9FAB-4DC3-A455-F6642ADACE3D}.Release|x86.ActiveCfg = Release|Win32
		{C053093A-9FAB-4DC3-A455-F6642ADACE3D}.Release|x86.Build.0 = Release|Win32
	EndGlobalSection
	GlobalSection(SolutionProperties) = preSolution
		HideSolutionNode = FALSE
	EndGlobalSection
	GlobalSection(ExtensibilityGlobals) = postSolution
		SolutionGuid = {0F3FE76A-AC52-49D6-875A-59829400FC60}
	EndGlobalSection
EndGlobal
